
Microsoft Visual Studio Solution File, Format Version 12.00
# Visual Studio Version 17
VisualStudioVersion = 17.8.34309.116
MinimumVisualStudioVersion = 10.0.40219.1
Project("{FAE04EC0-301F-11D3-BF4B-00C04F79EFBC}") = "2425SwitchStatements", "2425SwitchStatements\2425SwitchStatements.csproj", "{CA133C95-35CF-4A58-AB6C-ABD8584E2104}"
EndProject
Global
	GlobalSection(SolutionConfigurationPlatforms) = preSolution
		Debug|Any CPU = Debug|Any CPU
		Release|Any CPU = Release|Any CPU
	EndGlobalSection
	GlobalSection(ProjectConfigurationPlatforms) = postSolution
		{CA133C95-35CF-4A58-AB6C-ABD8584E2104}.Debug|Any CPU.ActiveCfg = Debug|Any CPU
		{CA133C95-35CF-4A58-AB6C-ABD8584E2104}.Debug|Any CPU.Build.0 = Debug|Any CPU
		{CA133C95-35CF-4A58-AB6C-ABD8584E2104}.Release|Any CPU.ActiveCfg = Release|Any CPU
		{CA133C95-35CF-4A58-AB6C-ABD8584E2104}.Release|Any CPU.Build.0 = Release|Any CPU
	EndGlobalSection
	GlobalSection(SolutionProperties) = preSolution
		HideSolutionNode = FALSE
	EndGlobalSection
	GlobalSection(ExtensibilityGlobals) = postSolution
		SolutionGuid = {DCF87764-E675-4C6C-A731-B8BBE69EF3D6}
	EndGlobalSection
EndGlobal
